
Microsoft Visual Studio Solution File, Format Version 12.00
# Visual Studio Version 17
VisualStudioVersion = 17.14.36804.6 d17.14
MinimumVisualStudioVersion = 10.0.40219.1
Project("{FAE04EC0-301F-11D3-BF4B-00C04F79EFBC}") = "TaxCalculator.Api", "TaxCalculator.Api\TaxCalculator.Api.csproj", "{AA560411-B7A1-4C45-8540-079F21FC838A}"
EndProject
Global
	GlobalSection(SolutionConfigurationPlatforms) = preSolution
		Debug|Any CPU = Debug|Any CPU
		Release|Any CPU = Release|Any CPU
	EndGlobalSection
	GlobalSection(ProjectConfigurationPlatforms) = postSolution
		{AA560411-B7A1-4C45-8540-079F21FC838A}.Debug|Any CPU.ActiveCfg = Debug|Any CPU
		{AA560411-B7A1-4C45-8540-079F21FC838A}.Debug|Any CPU.Build.0 = Debug|Any CPU
		{AA560411-B7A1-4C45-8540-079F21FC838A}.Release|Any CPU.ActiveCfg = Release|Any CPU
		{AA560411-B7A1-4C45-8540-079F21FC838A}.Release|Any CPU.Build.0 = Release|Any CPU
	EndGlobalSection
	GlobalSection(SolutionProperties) = preSolution
		HideSolutionNode = FALSE
	EndGlobalSection
	GlobalSection(ExtensibilityGlobals) = postSolution
		SolutionGuid = {D238E660-BB21-43E9-844E-DD3FF2B3A2C3}
	EndGlobalSection
EndGlobal
